
Microsoft Visual Studio Solution File, Format Version 12.00
# Visual Studio 15
VisualStudioVersion = 15.0.28010.2048
MinimumVisualStudioVersion = 10.0.40219.1
Project("{6EC3EE1D-3C4E-46DD-8F32-0CC8E7565705}") = "NavicoTest", "NavicoTest\NavicoTest.fsproj", "{6C44A444-5E5F-4C27-A836-97A57E36DAE0}"
EndProject
Project("{2150E333-8FDC-42A3-9474-1A3956D46DE8}") = "Solution Items", "Solution Items", "{233D26F2-8F1F-4D9B-8428-3C5A5CD3BFEC}"
	ProjectSection(SolutionItems) = preProject
		README.md = README.md
	EndProjectSection
EndProject
Global
	GlobalSection(SolutionConfigurationPlatforms) = preSolution
		Debug|Any CPU = Debug|Any CPU
		Release|Any CPU = Release|Any CPU
	EndGlobalSection
	GlobalSection(ProjectConfigurationPlatforms) = postSolution
		{6C44A444-5E5F-4C27-A836-97A57E36DAE0}.Debug|Any CPU.ActiveCfg = Debug|Any CPU
		{6C44A444-5E5F-4C27-A836-97A57E36DAE0}.Debug|Any CPU.Build.0 = Debug|Any CPU
		{6C44A444-5E5F-4C27-A836-97A57E36DAE0}.Release|Any CPU.ActiveCfg = Release|Any CPU
		{6C44A444-5E5F-4C27-A836-97A57E36DAE0}.Release|Any CPU.Build.0 = Release|Any CPU
	EndGlobalSection
	GlobalSection(SolutionProperties) = preSolution
		HideSolutionNode = FALSE
	EndGlobalSection
	GlobalSection(ExtensibilityGlobals) = postSolution
		SolutionGuid = {D9B7474A-5404-44A8-8B41-45DFC5576442}
	EndGlobalSection
EndGlobal
